// !$*UTF8*$!
{
	archiveVersion = 1;
	classes = {
	};
	objectVersion = 50;
	objects = {

/* Begin PBXBuildFile section */
		C60D5B4725ACDBCB00CF33EF /* EmojiArtApp.swift in Sources */ = {isa = PBXBuildFile; fileRef = C60D5B4625ACDBCB00CF33EF /* EmojiArtApp.swift */; };
		C60D5B4925ACDBCB00CF33EF /* EmojiArtView.swift in Sources */ = {isa = PBXBuildFile; fileRef = C60D5B4825ACDBCB00CF33EF /* EmojiArtView.swift */; };
		C60D5B4B25ACDBCC00CF33EF /* Assets.xcassets in Resources */ = {isa = PBXBuildFile; fileRef = C60D5B4A25ACDBCC00CF33EF /* Assets.xcassets */; };
		C60D5B4E25ACDBCC00CF33EF /* Preview Assets.xcassets in Resources */ = {isa = PBXBuildFile; fileRef = C60D5B4D25ACDBCC00CF33EF /* Preview Assets.xcassets */; };
		C60D5B5925ACDDA400CF33EF /* EmojiArtExtensions.swift in Sources */ = {isa = PBXBuildFile; fileRef = C60D5B5825ACDDA400CF33EF /* EmojiArtExtensions.swift */; };
		C60D5B5C25ACDE6600CF33EF /* EmojiArt.swift in Sources */ = {isa = PBXBuildFile; fileRef = C60D5B5B25ACDE6600CF33EF /* EmojiArt.swift */; };
		C60D5B5F25ACE05300CF33EF /* EmojiArtDocument.swift in Sources */ = {isa = PBXBuildFile; fileRef = C60D5B5E25ACE05300CF33EF /* EmojiArtDocument.swift */; };
		C61027EF25B3C492005B3D51 /* AnimatableSystemFontModifier.swift in Sources */ = {isa = PBXBuildFile; fileRef = C61027EE25B3C492005B3D51 /* AnimatableSystemFontModifier.swift */; };
		C616B6B225B37D8200A7B6D7 /* OptionalImageView.swift in Sources */ = {isa = PBXBuildFile; fileRef = C616B6B125B37D8200A7B6D7 /* OptionalImageView.swift */; };
		C66DC66025B91FC0000E6617 /* Spinning.swift in Sources */ = {isa = PBXBuildFile; fileRef = C66DC65F25B91FC0000E6617 /* Spinning.swift */; };
		C66DC66B25BA16E3000E6617 /* PaletteChooser.swift in Sources */ = {isa = PBXBuildFile; fileRef = C66DC66A25BA16E3000E6617 /* PaletteChooser.swift */; };
		C66DC66E25BA1710000E6617 /* EmojiArtDocumentPalette.swift in Sources */ = {isa = PBXBuildFile; fileRef = C66DC66D25BA1710000E6617 /* EmojiArtDocumentPalette.swift */; };
		C69B2D7725BCF93C00B726DC /* GridLayout.swift in Sources */ = {isa = PBXBuildFile; fileRef = C69B2D7525BCF93C00B726DC /* GridLayout.swift */; };
		C69B2D7825BCF93C00B726DC /* Grid.swift in Sources */ = {isa = PBXBuildFile; fileRef = C69B2D7625BCF93C00B726DC /* Grid.swift */; };
/* End PBXBuildFile section */

/* Begin PBXFileReference section */
		C60D5B4325ACDBCB00CF33EF /* EmojiArt.app */ = {isa = PBXFileReference; explicitFileType = wrapper.application; includeInIndex = 0; path = EmojiArt.app; sourceTree = BUILT_PRODUCTS_DIR; };
		C60D5B4625ACDBCB00CF33EF /* EmojiArtApp.swift */ = {isa = PBXFileReference; lastKnownFileType = sourcecode.swift; path = EmojiArtApp.swift; sourceTree = "<group>"; };
		C60D5B4825ACDBCB00CF33EF /* EmojiArtView.swift */ = {isa = PBXFileReference; lastKnownFileType = sourcecode.swift; path = EmojiArtView.swift; sourceTree = "<group>"; };
		C60D5B4A25ACDBCC00CF33EF /* Assets.xcassets */ = {isa = PBXFileReference; lastKnownFileType = folder.assetcatalog; path = Assets.xcassets; sourceTree = "<group>"; };
		C60D5B4D25ACDBCC00CF33EF /* Preview Assets.xcassets */ = {isa = PBXFileReference; lastKnownFileType = folder.assetcatalog; path = "Preview Assets.xcassets"; sourceTree = "<group>"; };
		C60D5B4F25ACDBCC00CF33EF /* Info.plist */ = {isa = PBXFileReference; lastKnownFileType = text.plist.xml; path = Info.plist; sourceTree = "<group>"; };
		C60D5B5825ACDDA400CF33EF /* EmojiArtExtensions.swift */ = {isa = PBXFileReference; fileEncoding = 4; lastKnownFileType = sourcecode.swift; path = EmojiArtExtensions.swift; sourceTree = "<group>"; };
		C60D5B5B25ACDE6600CF33EF /* EmojiArt.swift */ = {isa = PBXFileReference; lastKnownFileType = sourcecode.swift; path = EmojiArt.swift; sourceTree = "<group>"; };
		C60D5B5E25ACE05300CF33EF /* EmojiArtDocument.swift */ = {isa = PBXFileReference; lastKnownFileType = sourcecode.swift; path = EmojiArtDocument.swift; sourceTree = "<group>"; };
		C61027EE25B3C492005B3D51 /* AnimatableSystemFontModifier.swift */ = {isa = PBXFileReference; fileEncoding = 4; lastKnownFileType = sourcecode.swift; path = AnimatableSystemFontModifier.swift; sourceTree = "<group>"; };
		C616B6B125B37D8200A7B6D7 /* OptionalImageView.swift */ = {isa = PBXFileReference; lastKnownFileType = sourcecode.swift; path = OptionalImageView.swift; sourceTree = "<group>"; };
		C66DC65F25B91FC0000E6617 /* Spinning.swift */ = {isa = PBXFileReference; lastKnownFileType = sourcecode.swift; path = Spinning.swift; sourceTree = "<group>"; };
		C66DC66A25BA16E3000E6617 /* PaletteChooser.swift */ = {isa = PBXFileReference; lastKnownFileType = sourcecode.swift; path = PaletteChooser.swift; sourceTree = "<group>"; };
		C66DC66D25BA1710000E6617 /* EmojiArtDocumentPalette.swift */ = {isa = PBXFileReference; fileEncoding = 4; lastKnownFileType = sourcecode.swift; path = EmojiArtDocumentPalette.swift; sourceTree = "<group>"; };
		C69B2D7525BCF93C00B726DC /* GridLayout.swift */ = {isa = PBXFileReference; fileEncoding = 4; lastKnownFileType = sourcecode.swift; path = GridLayout.swift; sourceTree = "<group>"; };
		C69B2D7625BCF93C00B726DC /* Grid.swift */ = {isa = PBXFileReference; fileEncoding = 4; lastKnownFileType = sourcecode.swift; path = Grid.swift; sourceTree = "<group>"; };
/* End PBXFileReference section */

/* Begin PBXFrameworksBuildPhase section */
		C60D5B4025ACDBCB00CF33EF /* Frameworks */ = {
			isa = PBXFrameworksBuildPhase;
			buildActionMask = 2147483647;
			files = (
			);
			runOnlyForDeploymentPostprocessing = 0;
		};
/* End PBXFrameworksBuildPhase section */

/* Begin PBXGroup section */
		C60D5B3A25ACDBCB00CF33EF = {
			isa = PBXGroup;
			children = (
				C60D5B4525ACDBCB00CF33EF /* EmojiArt */,
				C60D5B4425ACDBCB00CF33EF /* Products */,
			);
			sourceTree = "<group>";
		};
		C60D5B4425ACDBCB00CF33EF /* Products */ = {
			isa = PBXGroup;
			children = (
				C60D5B4325ACDBCB00CF33EF /* EmojiArt.app */,
			);
			name = Products;
			sourceTree = "<group>";
		};
		C60D5B4525ACDBCB00CF33EF /* EmojiArt */ = {
			isa = PBXGroup;
			children = (
				C60D5B5825ACDDA400CF33EF /* EmojiArtExtensions.swift */,
				C60D5B4625ACDBCB00CF33EF /* EmojiArtApp.swift */,
				C60D5B4825ACDBCB00CF33EF /* EmojiArtView.swift */,
				C66DC65F25B91FC0000E6617 /* Spinning.swift */,
				C60D5B5B25ACDE6600CF33EF /* EmojiArt.swift */,
				C60D5B5E25ACE05300CF33EF /* EmojiArtDocument.swift */,
				C66DC66D25BA1710000E6617 /* EmojiArtDocumentPalette.swift */,
				C66DC66A25BA16E3000E6617 /* PaletteChooser.swift */,
				C69B2D7625BCF93C00B726DC /* Grid.swift */,
				C69B2D7525BCF93C00B726DC /* GridLayout.swift */,
				C61027EE25B3C492005B3D51 /* AnimatableSystemFontModifier.swift */,
				C60D5B4A25ACDBCC00CF33EF /* Assets.xcassets */,
				C60D5B4F25ACDBCC00CF33EF /* Info.plist */,
				C60D5B4C25ACDBCC00CF33EF /* Preview Content */,
				C616B6B125B37D8200A7B6D7 /* OptionalImageView.swift */,
			);
			path = EmojiArt;
			sourceTree = "<group>";
		};
		C60D5B4C25ACDBCC00CF33EF /* Preview Content */ = {
			isa = PBXGroup;
			children = (
				C60D5B4D25ACDBCC00CF33EF /* Preview Assets.xcassets */,
			);
			path = "Preview Content";
			sourceTree = "<group>";
		};
/* End PBXGroup section */

/* Begin PBXNativeTarget section */
		C60D5B4225ACDBCB00CF33EF /* EmojiArt */ = {
			isa = PBXNativeTarget;
			buildConfigurationList = C60D5B5225ACDBCC00CF33EF /* Build configuration list for PBXNativeTarget "EmojiArt" */;
			buildPhases = (
				C60D5B3F25ACDBCB00CF33EF /* Sources */,
				C60D5B4025ACDBCB00CF33EF /* Frameworks */,
				C60D5B4125ACDBCB00CF33EF /* Resources */,
			);
			buildRules = (
			);
			dependencies = (
			);
			name = EmojiArt;
			productName = EmojiArt;
			productReference = C60D5B4325ACDBCB00CF33EF /* EmojiArt.app */;
			productType = "com.apple.product-type.application";
		};
/* End PBXNativeTarget section */

/* Begin PBXProject section */
		C60D5B3B25ACDBCB00CF33EF /* Project object */ = {
			isa = PBXProject;
			attributes = {
				LastSwiftUpdateCheck = 1230;
				LastUpgradeCheck = 1230;
				TargetAttributes = {
					C60D5B4225ACDBCB00CF33EF = {
						CreatedOnToolsVersion = 12.3;
					};
				};
			};
			buildConfigurationList = C60D5B3E25ACDBCB00CF33EF /* Build configuration list for PBXProject "EmojiArt" */;
			compatibilityVersion = "Xcode 9.3";
			developmentRegion = en;
			hasScannedForEncodings = 0;
			knownRegions = (
				en,
				Base,
			);
			mainGroup = C60D5B3A25ACDBCB00CF33EF;
			productRefGroup = C60D5B4425ACDBCB00CF33EF /* Products */;
			projectDirPath = "";
			projectRoot = "";
			targets = (
				C60D5B4225ACDBCB00CF33EF /* EmojiArt */,
			);
		};
/* End PBXProject section */

/* Begin PBXResourcesBuildPhase section */
		C60D5B4125ACDBCB00CF33EF /* Resources */ = {
			isa = PBXResourcesBuildPhase;
			buildActionMask = 2147483647;
			files = (
				C60D5B4E25ACDBCC00CF33EF /* Preview Assets.xcassets in Resources */,
				C60D5B4B25ACDBCC00CF33EF /* Assets.xcassets in Resources */,
			);
			runOnlyForDeploymentPostprocessing = 0;
		};
/* End PBXResourcesBuildPhase section */

/* Begin PBXSourcesBuildPhase section */
		C60D5B3F25ACDBCB00CF33EF /* Sources */ = {
			isa = PBXSourcesBuildPhase;
			buildActionMask = 2147483647;
			files = (
				C61027EF25B3C492005B3D51 /* AnimatableSystemFontModifier.swift in Sources */,
				C60D5B5C25ACDE6600CF33EF /* EmojiArt.swift in Sources */,
				C60D5B4925ACDBCB00CF33EF /* EmojiArtView.swift in Sources */,
				C60D5B5F25ACE05300CF33EF /* EmojiArtDocument.swift in Sources */,
				C60D5B4725ACDBCB00CF33EF /* EmojiArtApp.swift in Sources */,
				C66DC66E25BA1710000E6617 /* EmojiArtDocumentPalette.swift in Sources */,
				C616B6B225B37D8200A7B6D7 /* OptionalImageView.swift in Sources */,
				C60D5B5925ACDDA400CF33EF /* EmojiArtExtensions.swift in Sources */,
				C66DC66025B91FC0000E6617 /* Spinning.swift in Sources */,
				C66DC66B25BA16E3000E6617 /* PaletteChooser.swift in Sources */,
				C69B2D7725BCF93C00B726DC /* GridLayout.swift in Sources */,
				C69B2D7825BCF93C00B726DC /* Grid.swift in Sources */,
			);
			runOnlyForDeploymentPostprocessing = 0;
		};
/* End PBXSourcesBuildPhase section */

/* Begin XCBuildConfiguration section */
		C60D5B5025ACDBCC00CF33EF /* Debug */ = {
			isa = XCBuildConfiguration;
			buildSettings = {
				ALWAYS_SEARCH_USER_PATHS = NO;
				CLANG_ANALYZER_NONNULL = YES;
				CLANG_ANALYZER_NUMBER_OBJECT_CONVERSION = YES_AGGRESSIVE;
				CLANG_CXX_LANGUAGE_STANDARD = "gnu++14";
				CLANG_CXX_LIBRARY = "libc++";
				CLANG_ENABLE_MODULES = YES;
				CLANG_ENABLE_OBJC_ARC = YES;
				CLANG_ENABLE_OBJC_WEAK = YES;
				CLANG_WARN_BLOCK_CAPTURE_AUTORELEASING = YES;
				CLANG_WARN_BOOL_CONVERSION = YES;
				CLANG_WARN_COMMA = YES;
				CLANG_WARN_CONSTANT_CONVERSION = YES;
				CLANG_WARN_DEPRECATED_OBJC_IMPLEMENTATIONS = YES;
				CLANG_WARN_DIRECT_OBJC_ISA_USAGE = YES_ERROR;
				CLANG_WARN_DOCUMENTATION_COMMENTS = YES;
				CLANG_WARN_EMPTY_BODY = YES;
				CLANG_WARN_ENUM_CONVERSION = YES;
				CLANG_WARN_INFINITE_RECURSION = YES;
				CLANG_WARN_INT_CONVERSION = YES;
				CLANG_WARN_NON_LITERAL_NULL_CONVERSION = YES;
				CLANG_WARN_OBJC_IMPLICIT_RETAIN_SELF = YES;
				CLANG_WARN_OBJC_LITERAL_CONVERSION = YES;
				CLANG_WARN_OBJC_ROOT_CLASS = YES_ERROR;
				CLANG_WARN_QUOTED_INCLUDE_IN_FRAMEWORK_HEADER = YES;
				CLANG_WARN_RANGE_LOOP_ANALYSIS = YES;
				CLANG_WARN_STRICT_PROTOTYPES = YES;
				CLANG_WARN_SUSPICIOUS_MOVE = YES;
				CLANG_WARN_UNGUARDED_AVAILABILITY = YES_AGGRESSIVE;
				CLANG_WARN_UNREACHABLE_CODE = YES;
				CLANG_WARN__DUPLICATE_METHOD_MATCH = YES;
				COPY_PHASE_STRIP = NO;
				DEBUG_INFORMATION_FORMAT = dwarf;
				ENABLE_STRICT_OBJC_MSGSEND = YES;
				ENABLE_TESTABILITY = YES;
				GCC_C_LANGUAGE_STANDARD = gnu11;
				GCC_DYNAMIC_NO_PIC = NO;
				GCC_NO_COMMON_BLOCKS = YES;
				GCC_OPTIMIZATION_LEVEL = 0;
				GCC_PREPROCESSOR_DEFINITIONS = (
					"DEBUG=1",
					"$(inherited)",
				);
				GCC_WARN_64_TO_32_BIT_CONVERSION = YES;
				GCC_WARN_ABOUT_RETURN_TYPE = YES_ERROR;
				GCC_WARN_UNDECLARED_SELECTOR = YES;
				GCC_WARN_UNINITIALIZED_AUTOS = YES_AGGRESSIVE;
				GCC_WARN_UNUSED_FUNCTION = YES;
				GCC_WARN_UNUSED_VARIABLE = YES;
				IPHONEOS_DEPLOYMENT_TARGET = 14.3;
				MTL_ENABLE_DEBUG_INFO = INCLUDE_SOURCE;
				MTL_FAST_MATH = YES;
				ONLY_ACTIVE_ARCH = YES;
				SDKROOT = iphoneos;
				SWIFT_ACTIVE_COMPILATION_CONDITIONS = DEBUG;
				SWIFT_OPTIMIZATION_LEVEL = "-Onone";
			};
			name = Debug;
		};
		C60D5B5125ACDBCC00CF33EF /* Release */ = {
			isa = XCBuildConfiguration;
			buildSettings = {
				ALWAYS_SEARCH_USER_PATHS = NO;
				CLANG_ANALYZER_NONNULL = YES;
				CLANG_ANALYZER_NUMBER_OBJECT_CONVERSION = YES_AGGRESSIVE;
				CLANG_CXX_LANGUAGE_STANDARD = "gnu++14";
				CLANG_CXX_LIBRARY = "libc++";
				CLANG_ENABLE_MODULES = YES;
				CLANG_ENABLE_OBJC_ARC = YES;
				CLANG_ENABLE_OBJC_WEAK = YES;
				CLANG_WARN_BLOCK_CAPTURE_AUTORELEASING = YES;
				CLANG_WARN_BOOL_CONVERSION = YES;
				CLANG_WARN_COMMA = YES;
				CLANG_WARN_CONSTANT_CONVERSION = YES;
				CLANG_WARN_DEPRECATED_OBJC_IMPLEMENTATIONS = YES;
				CLANG_WARN_DIRECT_OBJC_ISA_USAGE = YES_ERROR;
				CLANG_WARN_DOCUMENTATION_COMMENTS = YES;
				CLANG_WARN_EMPTY_BODY = YES;
				CLANG_WARN_ENUM_CONVERSION = YES;
				CLANG_WARN_INFINITE_RECURSION = YES;
				CLANG_WARN_INT_CONVERSION = YES;
				CLANG_WARN_NON_LITERAL_NULL_CONVERSION = YES;
				CLANG_WARN_OBJC_IMPLICIT_RETAIN_SELF = YES;
				CLANG_WARN_OBJC_LITERAL_CONVERSION = YES;
				CLANG_WARN_OBJC_ROOT_CLASS = YES_ERROR;
				CLANG_WARN_QUOTED_INCLUDE_IN_FRAMEWORK_HEADER = YES;
				CLANG_WARN_RANGE_LOOP_ANALYSIS = YES;
				CLANG_WARN_STRICT_PROTOTYPES = YES;
				CLANG_WARN_SUSPICIOUS_MOVE = YES;
				CLANG_WARN_UNGUARDED_AVAILABILITY = YES_AGGRESSIVE;
				CLANG_WARN_UNREACHABLE_CODE = YES;
				CLANG_WARN__DUPLICATE_METHOD_MATCH = YES;
				COPY_PHASE_STRIP = NO;
				DEBUG_INFORMATION_FORMAT = "dwarf-with-dsym";
				ENABLE_NS_ASSERTIONS = NO;
				ENABLE_STRICT_OBJC_MSGSEND = YES;
				GCC_C_LANGUAGE_STANDARD = gnu11;
				GCC_NO_COMMON_BLOCKS = YES;
				GCC_WARN_64_TO_32_BIT_CONVERSION = YES;
				GCC_WARN_ABOUT_RETURN_TYPE = YES_ERROR;
				GCC_WARN_UNDECLARED_SELECTOR = YES;
				GCC_WARN_UNINITIALIZED_AUTOS = YES_AGGRESSIVE;
				GCC_WARN_UNUSED_FUNCTION = YES;
				GCC_WARN_UNUSED_VARIABLE = YES;
				IPHONEOS_DEPLOYMENT_TARGET = 14.3;
				MTL_ENABLE_DEBUG_INFO = NO;
				MTL_FAST_MATH = YES;
				SDKROOT = iphoneos;
				SWIFT_COMPILATION_MODE = wholemodule;
				SWIFT_OPTIMIZATION_LEVEL = "-O";
				VALIDATE_PRODUCT = YES;
			};
			name = Release;
		};
		C60D5B5325ACDBCC00CF33EF /* Debug */ = {
			isa = XCBuildConfiguration;
			buildSettings = {
				ASSETCATALOG_COMPILER_APPICON_NAME = AppIcon;
				ASSETCATALOG_COMPILER_GLOBAL_ACCENT_COLOR_NAME = AccentColor;
				CODE_SIGN_STYLE = Automatic;
				DEVELOPMENT_ASSET_PATHS = "\"EmojiArt/Preview Content\"";
				DEVELOPMENT_TEAM = F8WWCGPHV3;
				ENABLE_PREVIEWS = YES;
				INFOPLIST_FILE = EmojiArt/Info.plist;
				IPHONEOS_DEPLOYMENT_TARGET = 14.0;
				LD_RUNPATH_SEARCH_PATHS = (
					"$(inherited)",
					"@executable_path/Frameworks",
				);
				PRODUCT_BUNDLE_IDENTIFIER = "Duong-Pham.EmojiArt";
				PRODUCT_NAME = "$(TARGET_NAME)";
				SWIFT_VERSION = 5.0;
				TARGETED_DEVICE_FAMILY = "1,2";
			};
			name = Debug;
		};
		C60D5B5425ACDBCC00CF33EF /* Release */ = {
			isa = XCBuildConfiguration;
			buildSettings = {
				ASSETCATALOG_COMPILER_APPICON_NAME = AppIcon;
				ASSETCATALOG_COMPILER_GLOBAL_ACCENT_COLOR_NAME = AccentColor;
				CODE_SIGN_STYLE = Automatic;
				DEVELOPMENT_ASSET_PATHS = "\"EmojiArt/Preview Content\"";
				DEVELOPMENT_TEAM = F8WWCGPHV3;
				ENABLE_PREVIEWS = YES;
				INFOPLIST_FILE = EmojiArt/Info.plist;
				IPHONEOS_DEPLOYMENT_TARGET = 14.0;
				LD_RUNPATH_SEARCH_PATHS = (
					"$(inherited)",
					"@executable_path/Frameworks",
				);
				PRODUCT_BUNDLE_IDENTIFIER = "Duong-Pham.EmojiArt";
				PRODUCT_NAME = "$(TARGET_NAME)";
				SWIFT_VERSION = 5.0;
				TARGETED_DEVICE_FAMILY = "1,2";
			};
			name = Release;
		};
/* End XCBuildConfiguration section */

/* Begin XCConfigurationList section */
		C60D5B3E25ACDBCB00CF33EF /* Build configuration list for PBXProject "EmojiArt" */ = {
			isa = XCConfigurationList;
			buildConfigurations = (
				C60D5B5025ACDBCC00CF33EF /* Debug */,
				C60D5B5125ACDBCC00CF33EF /* Release */,
			);
			defaultConfigurationIsVisible = 0;
			defaultConfigurationName = Release;
		};
		C60D5B5225ACDBCC00CF33EF /* Build configuration list for PBXNativeTarget "EmojiArt" */ = {
			isa = XCConfigurationList;
			buildConfigurations = (
				C60D5B5325ACDBCC00CF33EF /* Debug */,
				C60D5B5425ACDBCC00CF33EF /* Release */,
			);
			defaultConfigurationIsVisible = 0;
			defaultConfigurationName = Release;
		};
/* End XCConfigurationList section */
	};
	rootObject = C60D5B3B25ACDBCB00CF33EF /* Project object */;
}
